{
  "name": "maxedwards-npm",
  "version": "1.0.0",
  "lockfileVersion": 1,
  "requires": true,
  "dependencies": {
    "@maxedwards/ensure-folder": {
      "version": "0.0.1",
      "resolved": "https://registry.npmjs.org/@maxedwards/ensure-folder/-/ensure-folder-0.0.1.tgz",
      "integrity": "sha512-XfuWjd1VZ29JByv4Q/o0Cit8lWRHd0K6BgVA1LpSJ7pqIbpGS58EhQ833kvftJvyseMb3B27Ub2rj120Yh2C/w=="
    },
    "@maxedwards/fox": {
      "version": "0.0.3",
      "resolved": "https://registry.npmjs.org/@maxedwards/fox/-/fox-0.0.3.tgz",
      "integrity": "sha512-N+QCNaPJ+8XXK/Uo695oZLcPcx+WvJL2XnbH9i0ZkL9gIgyf4ebEarXz0Hc+W4h57R9/tzr2CseFQ+UGSCPUjQ==",
      "requires": {
        "@maxedwards/ensure-folder": "^0.0.1",
        "@maxedwards/protolibs": "^0.0.12"
      }
    },
    "@maxedwards/protolibs": {
      "version": "0.0.12",
      "resolved": "https://registry.npmjs.org/@maxedwards/protolibs/-/protolibs-0.0.12.tgz",
      "integrity": "sha512-mZTXPCLBa/0E9p1T7hrrZmmjphwZw3SOoN6lXpnXl15Pnz6MsR3OdCxVLkkVqG/arNoe1Mr/PhpiwvehuBR7eQ==",
      "requires": {
        "@maxedwards/stopwatch": "0.0.1",
        "terser": "4.6.3"
      }
    },
    "@maxedwards/stopwatch": {
      "version": "0.0.1",
      "resolved": "https://registry.npmjs.org/@maxedwards/stopwatch/-/stopwatch-0.0.1.tgz",
      "integrity": "sha512-hkU2N7ZYtQqfgF6s6KoLIkNz3acXx3h4Is0L7fA6aVWzusHEBpay6sJZ+C++Q9yg+MhCOSX58YuU8IZDVpS+fA=="
    },
    "buffer-from": {
      "version": "1.1.1",
      "resolved": "https://registry.npmjs.org/buffer-from/-/buffer-from-1.1.1.tgz",
      "integrity": "sha512-MQcXEUbCKtEo7bhqEs6560Hyd4XaovZlO/k9V3hjVUF/zwW7KBVdSK4gIt/bzwS9MbR5qob+F5jusZsb0YQK2A=="
    },
    "commander": {
      "version": "2.20.3",
      "resolved": "https://registry.npmjs.org/commander/-/commander-2.20.3.tgz",
      "integrity": "sha512-GpVkmM8vF2vQUkj2LvZmD35JxeJOLCwJ9cUkugyk2nuhbv3+mJvpLYYt+0+USMxE+oj+ey/lJEnhZw75x/OMcQ=="
    },
    "source-map": {
      "version": "0.6.1",
      "resolved": "https://registry.npmjs.org/source-map/-/source-map-0.6.1.tgz",
      "integrity": "sha512-UjgapumWlbMhkBgzT7Ykc5YXUT46F0iKu8SGXq0bcwP5dz/h0Plj6enJqjz1Zbq2l5WaqYnrVbwWOWMyF3F47g=="
    },
    "source-map-support": {
      "version": "0.5.19",
      "resolved": "https://registry.npmjs.org/source-map-support/-/source-map-support-0.5.19.tgz",
      "integrity": "sha512-Wonm7zOCIJzBGQdB+thsPar0kYuCIzYvxZwlBa87yi/Mdjv7Tip2cyVbLj5o0cFPN4EVkuTwb3GDDyUx2DGnGw==",
      "requires": {
        "buffer-from": "^1.0.0",
        "source-map": "^0.6.0"
      }
    },
    "terser": {
      "version": "4.6.3",
      "resolved": "https://registry.npmjs.org/terser/-/terser-4.6.3.tgz",
      "integrity": "sha512-Lw+ieAXmY69d09IIc/yqeBqXpEQIpDGZqT34ui1QWXIUpR2RjbqEkT8X7Lgex19hslSqcWM5iMN2kM11eMsESQ==",
      "requires": {
        "commander": "^2.20.0",
        "source-map": "~0.6.1",
        "source-map-support": "~0.5.12"
      }
    }
  }
}
